// !$*UTF8*$!
{
	archiveVersion = 1;
	classes = {
	};
	objectVersion = 56;
	objects = {

/* Begin PBXBuildFile section */
		C2B2822C2979E491007007CE /* VideoPlayerAppApp.swift in Sources */ = {isa = PBXBuildFile; fileRef = C2B2822B2979E491007007CE /* VideoPlayerAppApp.swift */; };
		C2B2822E2979E491007007CE /* ContentView.swift in Sources */ = {isa = PBXBuildFile; fileRef = C2B2822D2979E491007007CE /* ContentView.swift */; };
		C2B282302979E493007007CE /* Assets.xcassets in Resources */ = {isa = PBXBuildFile; fileRef = C2B2822F2979E493007007CE /* Assets.xcassets */; };
		C2B282332979E493007007CE /* Preview Assets.xcassets in Resources */ = {isa = PBXBuildFile; fileRef = C2B282322979E493007007CE /* Preview Assets.xcassets */; };
		C2B2823D2979E493007007CE /* VideoPlayerAppTests.swift in Sources */ = {isa = PBXBuildFile; fileRef = C2B2823C2979E493007007CE /* VideoPlayerAppTests.swift */; };
		C2B282472979E493007007CE /* VideoPlayerAppUITests.swift in Sources */ = {isa = PBXBuildFile; fileRef = C2B282462979E493007007CE /* VideoPlayerAppUITests.swift */; };
		C2B282492979E493007007CE /* VideoPlayerAppUITestsLaunchTests.swift in Sources */ = {isa = PBXBuildFile; fileRef = C2B282482979E493007007CE /* VideoPlayerAppUITestsLaunchTests.swift */; };
		C2B282572979E5C0007007CE /* QueryTag.swift in Sources */ = {isa = PBXBuildFile; fileRef = C2B282562979E5C0007007CE /* QueryTag.swift */; };
/* End PBXBuildFile section */

/* Begin PBXContainerItemProxy section */
		C2B282392979E493007007CE /* PBXContainerItemProxy */ = {
			isa = PBXContainerItemProxy;
			containerPortal = C2B282202979E491007007CE /* Project object */;
			proxyType = 1;
			remoteGlobalIDString = C2B282272979E491007007CE;
			remoteInfo = VideoPlayerApp;
		};
		C2B282432979E493007007CE /* PBXContainerItemProxy */ = {
			isa = PBXContainerItemProxy;
			containerPortal = C2B282202979E491007007CE /* Project object */;
			proxyType = 1;
			remoteGlobalIDString = C2B282272979E491007007CE;
			remoteInfo = VideoPlayerApp;
		};
/* End PBXContainerItemProxy section */

/* Begin PBXFileReference section */
		C2B282282979E491007007CE /* VideoPlayerApp.app */ = {isa = PBXFileReference; explicitFileType = wrapper.application; includeInIndex = 0; path = VideoPlayerApp.app; sourceTree = BUILT_PRODUCTS_DIR; };
		C2B2822B2979E491007007CE /* VideoPlayerAppApp.swift */ = {isa = PBXFileReference; lastKnownFileType = sourcecode.swift; path = VideoPlayerAppApp.swift; sourceTree = "<group>"; };
		C2B2822D2979E491007007CE /* ContentView.swift */ = {isa = PBXFileReference; lastKnownFileType = sourcecode.swift; path = ContentView.swift; sourceTree = "<group>"; };
		C2B2822F2979E493007007CE /* Assets.xcassets */ = {isa = PBXFileReference; lastKnownFileType = folder.assetcatalog; path = Assets.xcassets; sourceTree = "<group>"; };
		C2B282322979E493007007CE /* Preview Assets.xcassets */ = {isa = PBXFileReference; lastKnownFileType = folder.assetcatalog; path = "Preview Assets.xcassets"; sourceTree = "<group>"; };
		C2B282382979E493007007CE /* VideoPlayerAppTests.xctest */ = {isa = PBXFileReference; explicitFileType = wrapper.cfbundle; includeInIndex = 0; path = VideoPlayerAppTests.xctest; sourceTree = BUILT_PRODUCTS_DIR; };
		C2B2823C2979E493007007CE /* VideoPlayerAppTests.swift */ = {isa = PBXFileReference; lastKnownFileType = sourcecode.swift; path = VideoPlayerAppTests.swift; sourceTree = "<group>"; };
		C2B282422979E493007007CE /* VideoPlayerAppUITests.xctest */ = {isa = PBXFileReference; explicitFileType = wrapper.cfbundle; includeInIndex = 0; path = VideoPlayerAppUITests.xctest; sourceTree = BUILT_PRODUCTS_DIR; };
		C2B282462979E493007007CE /* VideoPlayerAppUITests.swift */ = {isa = PBXFileReference; lastKnownFileType = sourcecode.swift; path = VideoPlayerAppUITests.swift; sourceTree = "<group>"; };
		C2B282482979E493007007CE /* VideoPlayerAppUITestsLaunchTests.swift */ = {isa = PBXFileReference; lastKnownFileType = sourcecode.swift; path = VideoPlayerAppUITestsLaunchTests.swift; sourceTree = "<group>"; };
		C2B282562979E5C0007007CE /* QueryTag.swift */ = {isa = PBXFileReference; lastKnownFileType = sourcecode.swift; path = QueryTag.swift; sourceTree = "<group>"; };
/* End PBXFileReference section */

/* Begin PBXFrameworksBuildPhase section */
		C2B282252979E491007007CE /* Frameworks */ = {
			isa = PBXFrameworksBuildPhase;
			buildActionMask = 2147483647;
			files = (
			);
			runOnlyForDeploymentPostprocessing = 0;
		};
		C2B282352979E493007007CE /* Frameworks */ = {
			isa = PBXFrameworksBuildPhase;
			buildActionMask = 2147483647;
			files = (
			);
			runOnlyForDeploymentPostprocessing = 0;
		};
		C2B2823F2979E493007007CE /* Frameworks */ = {
			isa = PBXFrameworksBuildPhase;
			buildActionMask = 2147483647;
			files = (
			);
			runOnlyForDeploymentPostprocessing = 0;
		};
/* End PBXFrameworksBuildPhase section */

/* Begin PBXGroup section */
		C2B2821F2979E491007007CE = {
			isa = PBXGroup;
			children = (
				C2B2822A2979E491007007CE /* VideoPlayerApp */,
				C2B2823B2979E493007007CE /* VideoPlayerAppTests */,
				C2B282452979E493007007CE /* VideoPlayerAppUITests */,
				C2B282292979E491007007CE /* Products */,
			);
			sourceTree = "<group>";
		};
		C2B282292979E491007007CE /* Products */ = {
			isa = PBXGroup;
			children = (
				C2B282282979E491007007CE /* VideoPlayerApp.app */,
				C2B282382979E493007007CE /* VideoPlayerAppTests.xctest */,
				C2B282422979E493007007CE /* VideoPlayerAppUITests.xctest */,
			);
			name = Products;
			sourceTree = "<group>";
		};
		C2B2822A2979E491007007CE /* VideoPlayerApp */ = {
			isa = PBXGroup;
			children = (
				C2B2822B2979E491007007CE /* VideoPlayerAppApp.swift */,
				C2B2822D2979E491007007CE /* ContentView.swift */,
				C2B282552979E59E007007CE /* Components */,
				C2B2822F2979E493007007CE /* Assets.xcassets */,
				C2B282312979E493007007CE /* Preview Content */,
			);
			path = VideoPlayerApp;
			sourceTree = "<group>";
		};
		C2B282312979E493007007CE /* Preview Content */ = {
			isa = PBXGroup;
			children = (
				C2B282322979E493007007CE /* Preview Assets.xcassets */,
			);
			path = "Preview Content";
			sourceTree = "<group>";
		};
		C2B2823B2979E493007007CE /* VideoPlayerAppTests */ = {
			isa = PBXGroup;
			children = (
				C2B2823C2979E493007007CE /* VideoPlayerAppTests.swift */,
			);
			path = VideoPlayerAppTests;
			sourceTree = "<group>";
		};
		C2B282452979E493007007CE /* VideoPlayerAppUITests */ = {
			isa = PBXGroup;
			children = (
				C2B282462979E493007007CE /* VideoPlayerAppUITests.swift */,
				C2B282482979E493007007CE /* VideoPlayerAppUITestsLaunchTests.swift */,
			);
			path = VideoPlayerAppUITests;
			sourceTree = "<group>";
		};
		C2B282552979E59E007007CE /* Components */ = {
			isa = PBXGroup;
			children = (
				C2B282562979E5C0007007CE /* QueryTag.swift */,
			);
			path = Components;
			sourceTree = "<group>";
		};
/* End PBXGroup section */

/* Begin PBXNativeTarget section */
		C2B282272979E491007007CE /* VideoPlayerApp */ = {
			isa = PBXNativeTarget;
			buildConfigurationList = C2B2824C2979E493007007CE /* Build configuration list for PBXNativeTarget "VideoPlayerApp" */;
			buildPhases = (
				C2B282242979E491007007CE /* Sources */,
				C2B282252979E491007007CE /* Frameworks */,
				C2B282262979E491007007CE /* Resources */,
			);
			buildRules = (
			);
			dependencies = (
			);
			name = VideoPlayerApp;
			productName = VideoPlayerApp;
			productReference = C2B282282979E491007007CE /* VideoPlayerApp.app */;
			productType = "com.apple.product-type.application";
		};
		C2B282372979E493007007CE /* VideoPlayerAppTests */ = {
			isa = PBXNativeTarget;
			buildConfigurationList = C2B2824F2979E493007007CE /* Build configuration list for PBXNativeTarget "VideoPlayerAppTests" */;
			buildPhases = (
				C2B282342979E493007007CE /* Sources */,
				C2B282352979E493007007CE /* Frameworks */,
				C2B282362979E493007007CE /* Resources */,
			);
			buildRules = (
			);
			dependencies = (
				C2B2823A2979E493007007CE /* PBXTargetDependency */,
			);
			name = VideoPlayerAppTests;
			productName = VideoPlayerAppTests;
			productReference = C2B282382979E493007007CE /* VideoPlayerAppTests.xctest */;
			productType = "com.apple.product-type.bundle.unit-test";
		};
		C2B282412979E493007007CE /* VideoPlayerAppUITests */ = {
			isa = PBXNativeTarget;
			buildConfigurationList = C2B282522979E493007007CE /* Build configuration list for PBXNativeTarget "VideoPlayerAppUITests" */;
			buildPhases = (
				C2B2823E2979E493007007CE /* Sources */,
				C2B2823F2979E493007007CE /* Frameworks */,
				C2B282402979E493007007CE /* Resources */,
			);
			buildRules = (
			);
			dependencies = (
				C2B282442979E493007007CE /* PBXTargetDependency */,
			);
			name = VideoPlayerAppUITests;
			productName = VideoPlayerAppUITests;
			productReference = C2B282422979E493007007CE /* VideoPlayerAppUITests.xctest */;
			productType = "com.apple.product-type.bundle.ui-testing";
		};
/* End PBXNativeTarget section */

/* Begin PBXProject section */
		C2B282202979E491007007CE /* Project object */ = {
			isa = PBXProject;
			attributes = {
				BuildIndependentTargetsInParallel = 1;
				LastSwiftUpdateCheck = 1420;
				LastUpgradeCheck = 1420;
				TargetAttributes = {
					C2B282272979E491007007CE = {
						CreatedOnToolsVersion = 14.2;
					};
					C2B282372979E493007007CE = {
						CreatedOnToolsVersion = 14.2;
						TestTargetID = C2B282272979E491007007CE;
					};
					C2B282412979E493007007CE = {
						CreatedOnToolsVersion = 14.2;
						TestTargetID = C2B282272979E491007007CE;
					};
				};
			};
			buildConfigurationList = C2B282232979E491007007CE /* Build configuration list for PBXProject "VideoPlayerApp" */;
			compatibilityVersion = "Xcode 14.0";
			developmentRegion = en;
			hasScannedForEncodings = 0;
			knownRegions = (
				en,
				Base,
			);
			mainGroup = C2B2821F2979E491007007CE;
			productRefGroup = C2B282292979E491007007CE /* Products */;
			projectDirPath = "";
			projectRoot = "";
			targets = (
				C2B282272979E491007007CE /* VideoPlayerApp */,
				C2B282372979E493007007CE /* VideoPlayerAppTests */,
				C2B282412979E493007007CE /* VideoPlayerAppUITests */,
			);
		};
/* End PBXProject section */

/* Begin PBXResourcesBuildPhase section */
		C2B282262979E491007007CE /* Resources */ = {
			isa = PBXResourcesBuildPhase;
			buildActionMask = 2147483647;
			files = (
				C2B282332979E493007007CE /* Preview Assets.xcassets in Resources */,
				C2B282302979E493007007CE /* Assets.xcassets in Resources */,
			);
			runOnlyForDeploymentPostprocessing = 0;
		};
		C2B282362979E493007007CE /* Resources */ = {
			isa = PBXResourcesBuildPhase;
			buildActionMask = 2147483647;
			files = (
			);
			runOnlyForDeploymentPostprocessing = 0;
		};
		C2B282402979E493007007CE /* Resources */ = {
			isa = PBXResourcesBuildPhase;
			buildActionMask = 2147483647;
			files = (
			);
			runOnlyForDeploymentPostprocessing = 0;
		};
/* End PBXResourcesBuildPhase section */

/* Begin PBXSourcesBuildPhase section */
		C2B282242979E491007007CE /* Sources */ = {
			isa = PBXSourcesBuildPhase;
			buildActionMask = 2147483647;
			files = (
				C2B2822E2979E491007007CE /* ContentView.swift in Sources */,
				C2B282572979E5C0007007CE /* QueryTag.swift in Sources */,
				C2B2822C2979E491007007CE /* VideoPlayerAppApp.swift in Sources */,
			);
			runOnlyForDeploymentPostprocessing = 0;
		};
		C2B282342979E493007007CE /* Sources */ = {
			isa = PBXSourcesBuildPhase;
			buildActionMask = 2147483647;
			files = (
				C2B2823D2979E493007007CE /* VideoPlayerAppTests.swift in Sources */,
			);
			runOnlyForDeploymentPostprocessing = 0;
		};
		C2B2823E2979E493007007CE /* Sources */ = {
			isa = PBXSourcesBuildPhase;
			buildActionMask = 2147483647;
			files = (
				C2B282472979E493007007CE /* VideoPlayerAppUITests.swift in Sources */,
				C2B282492979E493007007CE /* VideoPlayerAppUITestsLaunchTests.swift in Sources */,
			);
			runOnlyForDeploymentPostprocessing = 0;
		};
/* End PBXSourcesBuildPhase section */

/* Begin PBXTargetDependency section */
		C2B2823A2979E493007007CE /* PBXTargetDependency */ = {
			isa = PBXTargetDependency;
			target = C2B282272979E491007007CE /* VideoPlayerApp */;
			targetProxy = C2B282392979E493007007CE /* PBXContainerItemProxy */;
		};
		C2B282442979E493007007CE /* PBXTargetDependency */ = {
			isa = PBXTargetDependency;
			target = C2B282272979E491007007CE /* VideoPlayerApp */;
			targetProxy = C2B282432979E493007007CE /* PBXContainerItemProxy */;
		};
/* End PBXTargetDependency section */

/* Begin XCBuildConfiguration section */
		C2B2824A2979E493007007CE /* Debug */ = {
			isa = XCBuildConfiguration;
			buildSettings = {
				ALWAYS_SEARCH_USER_PATHS = NO;
				CLANG_ANALYZER_NONNULL = YES;
				CLANG_ANALYZER_NUMBER_OBJECT_CONVERSION = YES_AGGRESSIVE;
				CLANG_CXX_LANGUAGE_STANDARD = "gnu++20";
				CLANG_ENABLE_MODULES = YES;
				CLANG_ENABLE_OBJC_ARC = YES;
				CLANG_ENABLE_OBJC_WEAK = YES;
				CLANG_WARN_BLOCK_CAPTURE_AUTORELEASING = YES;
				CLANG_WARN_BOOL_CONVERSION = YES;
				CLANG_WARN_COMMA = YES;
				CLANG_WARN_CONSTANT_CONVERSION = YES;
				CLANG_WARN_DEPRECATED_OBJC_IMPLEMENTATIONS = YES;
				CLANG_WARN_DIRECT_OBJC_ISA_USAGE = YES_ERROR;
				CLANG_WARN_DOCUMENTATION_COMMENTS = YES;
				CLANG_WARN_EMPTY_BODY = YES;
				CLANG_WARN_ENUM_CONVERSION = YES;
				CLANG_WARN_INFINITE_RECURSION = YES;
				CLANG_WARN_INT_CONVERSION = YES;
				CLANG_WARN_NON_LITERAL_NULL_CONVERSION = YES;
				CLANG_WARN_OBJC_IMPLICIT_RETAIN_SELF = YES;
				CLANG_WARN_OBJC_LITERAL_CONVERSION = YES;
				CLANG_WARN_OBJC_ROOT_CLASS = YES_ERROR;
				CLANG_WARN_QUOTED_INCLUDE_IN_FRAMEWORK_HEADER = YES;
				CLANG_WARN_RANGE_LOOP_ANALYSIS = YES;
				CLANG_WARN_STRICT_PROTOTYPES = YES;
				CLANG_WARN_SUSPICIOUS_MOVE = YES;
				CLANG_WARN_UNGUARDED_AVAILABILITY = YES_AGGRESSIVE;
				CLANG_WARN_UNREACHABLE_CODE = YES;
				CLANG_WARN__DUPLICATE_METHOD_MATCH = YES;
				COPY_PHASE_STRIP = NO;
				DEBUG_INFORMATION_FORMAT = dwarf;
				ENABLE_STRICT_OBJC_MSGSEND = YES;
				ENABLE_TESTABILITY = YES;
				GCC_C_LANGUAGE_STANDARD = gnu11;
				GCC_DYNAMIC_NO_PIC = NO;
				GCC_NO_COMMON_BLOCKS = YES;
				GCC_OPTIMIZATION_LEVEL = 0;
				GCC_PREPROCESSOR_DEFINITIONS = (
					"DEBUG=1",
					"$(inherited)",
				);
				GCC_WARN_64_TO_32_BIT_CONVERSION = YES;
				GCC_WARN_ABOUT_RETURN_TYPE = YES_ERROR;
				GCC_WARN_UNDECLARED_SELECTOR = YES;
				GCC_WARN_UNINITIALIZED_AUTOS = YES_AGGRESSIVE;
				GCC_WARN_UNUSED_FUNCTION = YES;
				GCC_WARN_UNUSED_VARIABLE = YES;
				IPHONEOS_DEPLOYMENT_TARGET = 16.2;
				MTL_ENABLE_DEBUG_INFO = INCLUDE_SOURCE;
				MTL_FAST_MATH = YES;
				ONLY_ACTIVE_ARCH = YES;
				SDKROOT = iphoneos;
				SWIFT_ACTIVE_COMPILATION_CONDITIONS = DEBUG;
				SWIFT_OPTIMIZATION_LEVEL = "-Onone";
			};
			name = Debug;
		};
		C2B2824B2979E493007007CE /* Release */ = {
			isa = XCBuildConfiguration;
			buildSettings = {
				ALWAYS_SEARCH_USER_PATHS = NO;
				CLANG_ANALYZER_NONNULL = YES;
				CLANG_ANALYZER_NUMBER_OBJECT_CONVERSION = YES_AGGRESSIVE;
				CLANG_CXX_LANGUAGE_STANDARD = "gnu++20";
				CLANG_ENABLE_MODULES = YES;
				CLANG_ENABLE_OBJC_ARC = YES;
				CLANG_ENABLE_OBJC_WEAK = YES;
				CLANG_WARN_BLOCK_CAPTURE_AUTORELEASING = YES;
				CLANG_WARN_BOOL_CONVERSION = YES;
				CLANG_WARN_COMMA = YES;
				CLANG_WARN_CONSTANT_CONVERSION = YES;
				CLANG_WARN_DEPRECATED_OBJC_IMPLEMENTATIONS = YES;
				CLANG_WARN_DIRECT_OBJC_ISA_USAGE = YES_ERROR;
				CLANG_WARN_DOCUMENTATION_COMMENTS = YES;
				CLANG_WARN_EMPTY_BODY = YES;
				CLANG_WARN_ENUM_CONVERSION = YES;
				CLANG_WARN_INFINITE_RECURSION = YES;
				CLANG_WARN_INT_CONVERSION = YES;
				CLANG_WARN_NON_LITERAL_NULL_CONVERSION = YES;
				CLANG_WARN_OBJC_IMPLICIT_RETAIN_SELF = YES;
				CLANG_WARN_OBJC_LITERAL_CONVERSION = YES;
				CLANG_WARN_OBJC_ROOT_CLASS = YES_ERROR;
				CLANG_WARN_QUOTED_INCLUDE_IN_FRAMEWORK_HEADER = YES;
				CLANG_WARN_RANGE_LOOP_ANALYSIS = YES;
				CLANG_WARN_STRICT_PROTOTYPES = YES;
				CLANG_WARN_SUSPICIOUS_MOVE = YES;
				CLANG_WARN_UNGUARDED_AVAILABILITY = YES_AGGRESSIVE;
				CLANG_WARN_UNREACHABLE_CODE = YES;
				CLANG_WARN__DUPLICATE_METHOD_MATCH = YES;
				COPY_PHASE_STRIP = NO;
				DEBUG_INFORMATION_FORMAT = "dwarf-with-dsym";
				ENABLE_NS_ASSERTIONS = NO;
				ENABLE_STRICT_OBJC_MSGSEND = YES;
				GCC_C_LANGUAGE_STANDARD = gnu11;
				GCC_NO_COMMON_BLOCKS = YES;
				GCC_WARN_64_TO_32_BIT_CONVERSION = YES;
				GCC_WARN_ABOUT_RETURN_TYPE = YES_ERROR;
				GCC_WARN_UNDECLARED_SELECTOR = YES;
				GCC_WARN_UNINITIALIZED_AUTOS = YES_AGGRESSIVE;
				GCC_WARN_UNUSED_FUNCTION = YES;
				GCC_WARN_UNUSED_VARIABLE = YES;
				IPHONEOS_DEPLOYMENT_TARGET = 16.2;
				MTL_ENABLE_DEBUG_INFO = NO;
				MTL_FAST_MATH = YES;
				SDKROOT = iphoneos;
				SWIFT_COMPILATION_MODE = wholemodule;
				SWIFT_OPTIMIZATION_LEVEL = "-O";
				VALIDATE_PRODUCT = YES;
			};
			name = Release;
		};
		C2B2824D2979E493007007CE /* Debug */ = {
			isa = XCBuildConfiguration;
			buildSettings = {
				ASSETCATALOG_COMPILER_APPICON_NAME = AppIcon;
				ASSETCATALOG_COMPILER_GLOBAL_ACCENT_COLOR_NAME = AccentColor;
				CODE_SIGN_STYLE = Automatic;
				CURRENT_PROJECT_VERSION = 1;
				DEVELOPMENT_ASSET_PATHS = "\"VideoPlayerApp/Preview Content\"";
				DEVELOPMENT_TEAM = WAA2PW68S5;
				ENABLE_PREVIEWS = YES;
				GENERATE_INFOPLIST_FILE = YES;
				INFOPLIST_KEY_UIApplicationSceneManifest_Generation = YES;
				INFOPLIST_KEY_UIApplicationSupportsIndirectInputEvents = YES;
				INFOPLIST_KEY_UILaunchScreen_Generation = YES;
				INFOPLIST_KEY_UISupportedInterfaceOrientations_iPad = "UIInterfaceOrientationPortrait UIInterfaceOrientationPortraitUpsideDown UIInterfaceOrientationLandscapeLeft UIInterfaceOrientationLandscapeRight";
				INFOPLIST_KEY_UISupportedInterfaceOrientations_iPhone = "UIInterfaceOrientationPortrait UIInterfaceOrientationLandscapeLeft UIInterfaceOrientationLandscapeRight";
				LD_RUNPATH_SEARCH_PATHS = (
					"$(inherited)",
					"@executable_path/Frameworks",
				);
				MARKETING_VERSION = 1.0;
				PRODUCT_BUNDLE_IDENTIFIER = com.francisco.VideoPlayerApp;
				PRODUCT_NAME = "$(TARGET_NAME)";
				SWIFT_EMIT_LOC_STRINGS = YES;
				SWIFT_VERSION = 5.0;
				TARGETED_DEVICE_FAMILY = "1,2";
			};
			name = Debug;
		};
		C2B2824E2979E493007007CE /* Release */ = {
			isa = XCBuildConfiguration;
			buildSettings = {
				ASSETCATALOG_COMPILER_APPICON_NAME = AppIcon;
				ASSETCATALOG_COMPILER_GLOBAL_ACCENT_COLOR_NAME = AccentColor;
				CODE_SIGN_STYLE = Automatic;
				CURRENT_PROJECT_VERSION = 1;
				DEVELOPMENT_ASSET_PATHS = "\"VideoPlayerApp/Preview Content\"";
				DEVELOPMENT_TEAM = WAA2PW68S5;
				ENABLE_PREVIEWS = YES;
				GENERATE_INFOPLIST_FILE = YES;
				INFOPLIST_KEY_UIApplicationSceneManifest_Generation = YES;
				INFOPLIST_KEY_UIApplicationSupportsIndirectInputEvents = YES;
				INFOPLIST_KEY_UILaunchScreen_Generation = YES;
				INFOPLIST_KEY_UISupportedInterfaceOrientations_iPad = "UIInterfaceOrientationPortrait UIInterfaceOrientationPortraitUpsideDown UIInterfaceOrientationLandscapeLeft UIInterfaceOrientationLandscapeRight";
				INFOPLIST_KEY_UISupportedInterfaceOrientations_iPhone = "UIInterfaceOrientationPortrait UIInterfaceOrientationLandscapeLeft UIInterfaceOrientationLandscapeRight";
				LD_RUNPATH_SEARCH_PATHS = (
					"$(inherited)",
					"@executable_path/Frameworks",
				);
				MARKETING_VERSION = 1.0;
				PRODUCT_BUNDLE_IDENTIFIER = com.francisco.VideoPlayerApp;
				PRODUCT_NAME = "$(TARGET_NAME)";
				SWIFT_EMIT_LOC_STRINGS = YES;
				SWIFT_VERSION = 5.0;
				TARGETED_DEVICE_FAMILY = "1,2";
			};
			name = Release;
		};
		C2B282502979E493007007CE /* Debug */ = {
			isa = XCBuildConfiguration;
			buildSettings = {
				ALWAYS_EMBED_SWIFT_STANDARD_LIBRARIES = YES;
				BUNDLE_LOADER = "$(TEST_HOST)";
				CODE_SIGN_STYLE = Automatic;
				CURRENT_PROJECT_VERSION = 1;
				DEVELOPMENT_TEAM = WAA2PW68S5;
				GENERATE_INFOPLIST_FILE = YES;
				IPHONEOS_DEPLOYMENT_TARGET = 16.2;
				MARKETING_VERSION = 1.0;
				PRODUCT_BUNDLE_IDENTIFIER = com.francisco.VideoPlayerAppTests;
				PRODUCT_NAME = "$(TARGET_NAME)";
				SWIFT_EMIT_LOC_STRINGS = NO;
				SWIFT_VERSION = 5.0;
				TARGETED_DEVICE_FAMILY = "1,2";
				TEST_HOST = "$(BUILT_PRODUCTS_DIR)/VideoPlayerApp.app/$(BUNDLE_EXECUTABLE_FOLDER_PATH)/VideoPlayerApp";
			};
			name = Debug;
		};
		C2B282512979E493007007CE /* Release */ = {
			isa = XCBuildConfiguration;
			buildSettings = {
				ALWAYS_EMBED_SWIFT_STANDARD_LIBRARIES = YES;
				BUNDLE_LOADER = "$(TEST_HOST)";
				CODE_SIGN_STYLE = Automatic;
				CURRENT_PROJECT_VERSION = 1;
				DEVELOPMENT_TEAM = WAA2PW68S5;
				GENERATE_INFOPLIST_FILE = YES;
				IPHONEOS_DEPLOYMENT_TARGET = 16.2;
				MARKETING_VERSION = 1.0;
				PRODUCT_BUNDLE_IDENTIFIER = com.francisco.VideoPlayerAppTests;
				PRODUCT_NAME = "$(TARGET_NAME)";
				SWIFT_EMIT_LOC_STRINGS = NO;
				SWIFT_VERSION = 5.0;
				TARGETED_DEVICE_FAMILY = "1,2";
				TEST_HOST = "$(BUILT_PRODUCTS_DIR)/VideoPlayerApp.app/$(BUNDLE_EXECUTABLE_FOLDER_PATH)/VideoPlayerApp";
			};
			name = Release;
		};
		C2B282532979E493007007CE /* Debug */ = {
			isa = XCBuildConfiguration;
			buildSettings = {
				ALWAYS_EMBED_SWIFT_STANDARD_LIBRARIES = YES;
				CODE_SIGN_STYLE = Automatic;
				CURRENT_PROJECT_VERSION = 1;
				DEVELOPMENT_TEAM = WAA2PW68S5;
				GENERATE_INFOPLIST_FILE = YES;
				MARKETING_VERSION = 1.0;
				PRODUCT_BUNDLE_IDENTIFIER = com.francisco.VideoPlayerAppUITests;
				PRODUCT_NAME = "$(TARGET_NAME)";
				SWIFT_EMIT_LOC_STRINGS = NO;
				SWIFT_VERSION = 5.0;
				TARGETED_DEVICE_FAMILY = "1,2";
				TEST_TARGET_NAME = VideoPlayerApp;
			};
			name = Debug;
		};
		C2B282542979E493007007CE /* Release */ = {
			isa = XCBuildConfiguration;
			buildSettings = {
				ALWAYS_EMBED_SWIFT_STANDARD_LIBRARIES = YES;
				CODE_SIGN_STYLE = Automatic;
				CURRENT_PROJECT_VERSION = 1;
				DEVELOPMENT_TEAM = WAA2PW68S5;
				GENERATE_INFOPLIST_FILE = YES;
				MARKETING_VERSION = 1.0;
				PRODUCT_BUNDLE_IDENTIFIER = com.francisco.VideoPlayerAppUITests;
				PRODUCT_NAME = "$(TARGET_NAME)";
				SWIFT_EMIT_LOC_STRINGS = NO;
				SWIFT_VERSION = 5.0;
				TARGETED_DEVICE_FAMILY = "1,2";
				TEST_TARGET_NAME = VideoPlayerApp;
			};
			name = Release;
		};
/* End XCBuildConfiguration section */

/* Begin XCConfigurationList section */
		C2B282232979E491007007CE /* Build configuration list for PBXProject "VideoPlayerApp" */ = {
			isa = XCConfigurationList;
			buildConfigurations = (
				C2B2824A2979E493007007CE /* Debug */,
				C2B2824B2979E493007007CE /* Release */,
			);
			defaultConfigurationIsVisible = 0;
			defaultConfigurationName = Release;
		};
		C2B2824C2979E493007007CE /* Build configuration list for PBXNativeTarget "VideoPlayerApp" */ = {
			isa = XCConfigurationList;
			buildConfigurations = (
				C2B2824D2979E493007007CE /* Debug */,
				C2B2824E2979E493007007CE /* Release */,
			);
			defaultConfigurationIsVisible = 0;
			defaultConfigurationName = Release;
		};
		C2B2824F2979E493007007CE /* Build configuration list for PBXNativeTarget "VideoPlayerAppTests" */ = {
			isa = XCConfigurationList;
			buildConfigurations = (
				C2B282502979E493007007CE /* Debug */,
				C2B282512979E493007007CE /* Release */,
			);
			defaultConfigurationIsVisible = 0;
			defaultConfigurationName = Release;
		};
		C2B282522979E493007007CE /* Build configuration list for PBXNativeTarget "VideoPlayerAppUITests" */ = {
			isa = XCConfigurationList;
			buildConfigurations = (
				C2B282532979E493007007CE /* Debug */,
				C2B282542979E493007007CE /* Release */,
			);
			defaultConfigurationIsVisible = 0;
			defaultConfigurationName = Release;
		};
/* End XCConfigurationList section */
	};
	rootObject = C2B282202979E491007007CE /* Project object */;
}
